<?xml version="1.0" encoding="utf-8"?>
<Project ToolsVersion="16.0" xmlns="http://schemas.microsoft.com/developer/msbuild/2003">
  <ItemGroup>
    <CustomBuild Include="C:\Users\phn24\Documents\work\cg\second_opengl_example\uild\CMakeFiles\787b0691876bacdbb81e83518572834a\dep_spdlog-mkdir.rule">
      <Filter>CMake Rules</Filter>
    </CustomBuild>
    <CustomBuild Include="C:\Users\phn24\Documents\work\cg\second_opengl_example\uild\CMakeFiles\787b0691876bacdbb81e83518572834a\dep_spdlog-download.rule">
      <Filter>CMake Rules</Filter>
    </CustomBuild>
    <CustomBuild Include="C:\Users\phn24\Documents\work\cg\second_opengl_example\uild\CMakeFiles\787b0691876bacdbb81e83518572834a\dep_spdlog-update.rule">
      <Filter>CMake Rules</Filter>
    </CustomBuild>
    <CustomBuild Include="C:\Users\phn24\Documents\work\cg\second_opengl_example\uild\CMakeFiles\787b0691876bacdbb81e83518572834a\dep_spdlog-patch.rule">
      <Filter>CMake Rules</Filter>
    </CustomBuild>
    <CustomBuild Include="C:\Users\phn24\Documents\work\cg\second_opengl_example\uild\CMakeFiles\787b0691876bacdbb81e83518572834a\dep_spdlog-configure.rule">
      <Filter>CMake Rules</Filter>
    </CustomBuild>
    <CustomBuild Include="C:\Users\phn24\Documents\work\cg\second_opengl_example\uild\CMakeFiles\787b0691876bacdbb81e83518572834a\dep_spdlog-build.rule">
      <Filter>CMake Rules</Filter>
    </CustomBuild>
    <CustomBuild Include="C:\Users\phn24\Documents\work\cg\second_opengl_example\uild\CMakeFiles\787b0691876bacdbb81e83518572834a\dep_spdlog-install.rule">
      <Filter>CMake Rules</Filter>
    </CustomBuild>
    <CustomBuild Include="C:\Users\phn24\Documents\work\cg\second_opengl_example\uild\CMakeFiles\787b0691876bacdbb81e83518572834a\dep_spdlog-test.rule">
      <Filter>CMake Rules</Filter>
    </CustomBuild>
    <CustomBuild Include="C:\Users\phn24\Documents\work\cg\second_opengl_example\uild\CMakeFiles\cb6d59984772ca86824405a3c81ff911\dep_spdlog-complete.rule">
      <Filter>CMake Rules</Filter>
    </CustomBuild>
    <CustomBuild Include="C:\Users\phn24\Documents\work\cg\second_opengl_example\uild\CMakeFiles\9af948c430056325595e11b6b411aae0\dep_spdlog.rule">
      <Filter>CMake Rules</Filter>
    </CustomBuild>
    <CustomBuild Include="C:\Users\phn24\Documents\work\cg\second_opengl_example\CMakeLists.txt" />
  </ItemGroup>
  <ItemGroup>
    <None Include="C:\Users\phn24\Documents\work\cg\second_opengl_example\uild\CMakeFiles\dep_spdlog" />
  </ItemGroup>
  <ItemGroup>
    <Filter Include="CMake Rules">
      <UniqueIdentifier>{93D832AB-D681-3FF4-B075-0C4DDF221CA4}</UniqueIdentifier>
    </Filter>
  </ItemGroup>
</Project>
