
Microsoft Visual Studio Solution File, Format Version 12.00
# Visual Studio Version 16
Project("{8BC9CEB8-8B4A-11D0-8D11-00A0C91BC942}") = "ALL_BUILD", "ALL_BUILD.vcxproj", "{C93283BF-6EDE-3959-A14B-6E461B112F17}"
	ProjectSection(ProjectDependencies) = postProject
		{C4972565-8E94-34E0-B47A-BDA9903B3F6B} = {C4972565-8E94-34E0-B47A-BDA9903B3F6B}
		{214D919A-D71E-3DDD-AC9B-A84240E932CA} = {214D919A-D71E-3DDD-AC9B-A84240E932CA}
		{657723AB-66C4-3F26-8279-BE11A9D66CA9} = {657723AB-66C4-3F26-8279-BE11A9D66CA9}
		{C12830E6-D249-3DAF-BA3C-FB3515CDF8F2} = {C12830E6-D249-3DAF-BA3C-FB3515CDF8F2}
		{D9FB4DC4-FC2F-3E78-8038-BB28127986B9} = {D9FB4DC4-FC2F-3E78-8038-BB28127986B9}
	EndProjectSection
EndProject
Project("{8BC9CEB8-8B4A-11D0-8D11-00A0C91BC942}") = "ZERO_CHECK", "ZERO_CHECK.vcxproj", "{C4972565-8E94-34E0-B47A-BDA9903B3F6B}"
	ProjectSection(ProjectDependencies) = postProject
	EndProjectSection
EndProject
Project("{8BC9CEB8-8B4A-11D0-8D11-00A0C91BC942}") = "dep_glad", "dep_glad.vcxproj", "{214D919A-D71E-3DDD-AC9B-A84240E932CA}"
	ProjectSection(ProjectDependencies) = postProject
		{C4972565-8E94-34E0-B47A-BDA9903B3F6B} = {C4972565-8E94-34E0-B47A-BDA9903B3F6B}
	EndProjectSection
EndProject
Project("{8BC9CEB8-8B4A-11D0-8D11-00A0C91BC942}") = "dep_glfw", "dep_glfw.vcxproj", "{657723AB-66C4-3F26-8279-BE11A9D66CA9}"
	ProjectSection(ProjectDependencies) = postProject
		{C4972565-8E94-34E0-B47A-BDA9903B3F6B} = {C4972565-8E94-34E0-B47A-BDA9903B3F6B}
	EndProjectSection
EndProject
Project("{8BC9CEB8-8B4A-11D0-8D11-00A0C91BC942}") = "dep_spdlog", "dep_spdlog.vcxproj", "{C12830E6-D249-3DAF-BA3C-FB3515CDF8F2}"
	ProjectSection(ProjectDependencies) = postProject
		{C4972565-8E94-34E0-B47A-BDA9903B3F6B} = {C4972565-8E94-34E0-B47A-BDA9903B3F6B}
	EndProjectSection
EndProject
Project("{8BC9CEB8-8B4A-11D0-8D11-00A0C91BC942}") = "second_opengl_example", "second_opengl_example.vcxproj", "{D9FB4DC4-FC2F-3E78-8038-BB28127986B9}"
	ProjectSection(ProjectDependencies) = postProject
		{C4972565-8E94-34E0-B47A-BDA9903B3F6B} = {C4972565-8E94-34E0-B47A-BDA9903B3F6B}
		{214D919A-D71E-3DDD-AC9B-A84240E932CA} = {214D919A-D71E-3DDD-AC9B-A84240E932CA}
		{657723AB-66C4-3F26-8279-BE11A9D66CA9} = {657723AB-66C4-3F26-8279-BE11A9D66CA9}
		{C12830E6-D249-3DAF-BA3C-FB3515CDF8F2} = {C12830E6-D249-3DAF-BA3C-FB3515CDF8F2}
	EndProjectSection
EndProject
Global
	GlobalSection(SolutionConfigurationPlatforms) = preSolution
		Debug|x64 = Debug|x64
		Release|x64 = Release|x64
		MinSizeRel|x64 = MinSizeRel|x64
		RelWithDebInfo|x64 = RelWithDebInfo|x64
	EndGlobalSection
	GlobalSection(ProjectConfigurationPlatforms) = postSolution
		{C93283BF-6EDE-3959-A14B-6E461B112F17}.Debug|x64.ActiveCfg = Debug|x64
		{C93283BF-6EDE-3959-A14B-6E461B112F17}.Release|x64.ActiveCfg = Release|x64
		{C93283BF-6EDE-3959-A14B-6E461B112F17}.MinSizeRel|x64.ActiveCfg = MinSizeRel|x64
		{C93283BF-6EDE-3959-A14B-6E461B112F17}.RelWithDebInfo|x64.ActiveCfg = RelWithDebInfo|x64
		{C4972565-8E94-34E0-B47A-BDA9903B3F6B}.Debug|x64.ActiveCfg = Debug|x64
		{C4972565-8E94-34E0-B47A-BDA9903B3F6B}.Debug|x64.Build.0 = Debug|x64
		{C4972565-8E94-34E0-B47A-BDA9903B3F6B}.Release|x64.ActiveCfg = Release|x64
		{C4972565-8E94-34E0-B47A-BDA9903B3F6B}.Release|x64.Build.0 = Release|x64
		{C4972565-8E94-34E0-B47A-BDA9903B3F6B}.MinSizeRel|x64.ActiveCfg = MinSizeRel|x64
		{C4972565-8E94-34E0-B47A-BDA9903B3F6B}.MinSizeRel|x64.Build.0 = MinSizeRel|x64
		{C4972565-8E94-34E0-B47A-BDA9903B3F6B}.RelWithDebInfo|x64.ActiveCfg = RelWithDebInfo|x64
		{C4972565-8E94-34E0-B47A-BDA9903B3F6B}.RelWithDebInfo|x64.Build.0 = RelWithDebInfo|x64
		{214D919A-D71E-3DDD-AC9B-A84240E932CA}.Debug|x64.ActiveCfg = Debug|x64
		{214D919A-D71E-3DDD-AC9B-A84240E932CA}.Debug|x64.Build.0 = Debug|x64
		{214D919A-D71E-3DDD-AC9B-A84240E932CA}.Release|x64.ActiveCfg = Release|x64
		{214D919A-D71E-3DDD-AC9B-A84240E932CA}.Release|x64.Build.0 = Release|x64
		{214D919A-D71E-3DDD-AC9B-A84240E932CA}.MinSizeRel|x64.ActiveCfg = MinSizeRel|x64
		{214D919A-D71E-3DDD-AC9B-A84240E932CA}.MinSizeRel|x64.Build.0 = MinSizeRel|x64
		{214D919A-D71E-3DDD-AC9B-A84240E932CA}.RelWithDebInfo|x64.ActiveCfg = RelWithDebInfo|x64
		{214D919A-D71E-3DDD-AC9B-A84240E932CA}.RelWithDebInfo|x64.Build.0 = RelWithDebInfo|x64
		{657723AB-66C4-3F26-8279-BE11A9D66CA9}.Debug|x64.ActiveCfg = Debug|x64
		{657723AB-66C4-3F26-8279-BE11A9D66CA9}.Debug|x64.Build.0 = Debug|x64
		{657723AB-66C4-3F26-8279-BE11A9D66CA9}.Release|x64.ActiveCfg = Release|x64
		{657723AB-66C4-3F26-8279-BE11A9D66CA9}.Release|x64.Build.0 = Release|x64
		{657723AB-66C4-3F26-8279-BE11A9D66CA9}.MinSizeRel|x64.ActiveCfg = MinSizeRel|x64
		{657723AB-66C4-3F26-8279-BE11A9D66CA9}.MinSizeRel|x64.Build.0 = MinSizeRel|x64
		{657723AB-66C4-3F26-8279-BE11A9D66CA9}.RelWithDebInfo|x64.ActiveCfg = RelWithDebInfo|x64
		{657723AB-66C4-3F26-8279-BE11A9D66CA9}.RelWithDebInfo|x64.Build.0 = RelWithDebInfo|x64
		{C12830E6-D249-3DAF-BA3C-FB3515CDF8F2}.Debug|x64.ActiveCfg = Debug|x64
		{C12830E6-D249-3DAF-BA3C-FB3515CDF8F2}.Debug|x64.Build.0 = Debug|x64
		{C12830E6-D249-3DAF-BA3C-FB3515CDF8F2}.Release|x64.ActiveCfg = Release|x64
		{C12830E6-D249-3DAF-BA3C-FB3515CDF8F2}.Release|x64.Build.0 = Release|x64
		{C12830E6-D249-3DAF-BA3C-FB3515CDF8F2}.MinSizeRel|x64.ActiveCfg = MinSizeRel|x64
		{C12830E6-D249-3DAF-BA3C-FB3515CDF8F2}.MinSizeRel|x64.Build.0 = MinSizeRel|x64
		{C12830E6-D249-3DAF-BA3C-FB3515CDF8F2}.RelWithDebInfo|x64.ActiveCfg = RelWithDebInfo|x64
		{C12830E6-D249-3DAF-BA3C-FB3515CDF8F2}.RelWithDebInfo|x64.Build.0 = RelWithDebInfo|x64
		{D9FB4DC4-FC2F-3E78-8038-BB28127986B9}.Debug|x64.ActiveCfg = Debug|x64
		{D9FB4DC4-FC2F-3E78-8038-BB28127986B9}.Debug|x64.Build.0 = Debug|x64
		{D9FB4DC4-FC2F-3E78-8038-BB28127986B9}.Release|x64.ActiveCfg = Release|x64
		{D9FB4DC4-FC2F-3E78-8038-BB28127986B9}.Release|x64.Build.0 = Release|x64
		{D9FB4DC4-FC2F-3E78-8038-BB28127986B9}.MinSizeRel|x64.ActiveCfg = MinSizeRel|x64
		{D9FB4DC4-FC2F-3E78-8038-BB28127986B9}.MinSizeRel|x64.Build.0 = MinSizeRel|x64
		{D9FB4DC4-FC2F-3E78-8038-BB28127986B9}.RelWithDebInfo|x64.ActiveCfg = RelWithDebInfo|x64
		{D9FB4DC4-FC2F-3E78-8038-BB28127986B9}.RelWithDebInfo|x64.Build.0 = RelWithDebInfo|x64
	EndGlobalSection
	GlobalSection(ExtensibilityGlobals) = postSolution
		SolutionGuid = {0F81FD3A-34AF-3C73-AA02-FB6A89914325}
	EndGlobalSection
	GlobalSection(ExtensibilityAddIns) = postSolution
	EndGlobalSection
EndGlobal
