<?xml version="1.0" encoding="utf-8"?>
<Project ToolsVersion="16.0" xmlns="http://schemas.microsoft.com/developer/msbuild/2003">
  <ItemGroup>
    <ClCompile Include="C:\Users\phn24\Documents\work\cg\second_opengl_example\src\main.cpp">
      <Filter>Source Files</Filter>
    </ClCompile>
    <ClCompile Include="C:\Users\phn24\Documents\work\cg\second_opengl_example\src\common.cpp">
      <Filter>Source Files</Filter>
    </ClCompile>
    <ClCompile Include="C:\Users\phn24\Documents\work\cg\second_opengl_example\src\shader.cpp">
      <Filter>Source Files</Filter>
    </ClCompile>
    <ClCompile Include="C:\Users\phn24\Documents\work\cg\second_opengl_example\src\program.cpp">
      <Filter>Source Files</Filter>
    </ClCompile>
    <ClCompile Include="C:\Users\phn24\Documents\work\cg\second_opengl_example\src\context.cpp">
      <Filter>Source Files</Filter>
    </ClCompile>
    <ClCompile Include="C:\Users\phn24\Documents\work\cg\second_opengl_example\src\buffer.cpp">
      <Filter>Source Files</Filter>
    </ClCompile>
    <ClCompile Include="C:\Users\phn24\Documents\work\cg\second_opengl_example\src\vertex_layout.cpp">
      <Filter>Source Files</Filter>
    </ClCompile>
  </ItemGroup>
  <ItemGroup>
    <ClInclude Include="C:\Users\phn24\Documents\work\cg\second_opengl_example\src\common.h">
      <Filter>Header Files</Filter>
    </ClInclude>
    <ClInclude Include="C:\Users\phn24\Documents\work\cg\second_opengl_example\src\shader.h">
      <Filter>Header Files</Filter>
    </ClInclude>
    <ClInclude Include="C:\Users\phn24\Documents\work\cg\second_opengl_example\src\program.h">
      <Filter>Header Files</Filter>
    </ClInclude>
    <ClInclude Include="C:\Users\phn24\Documents\work\cg\second_opengl_example\src\context.h">
      <Filter>Header Files</Filter>
    </ClInclude>
    <ClInclude Include="C:\Users\phn24\Documents\work\cg\second_opengl_example\src\buffer.h">
      <Filter>Header Files</Filter>
    </ClInclude>
    <ClInclude Include="C:\Users\phn24\Documents\work\cg\second_opengl_example\src\vertex_layout.h">
      <Filter>Header Files</Filter>
    </ClInclude>
  </ItemGroup>
  <ItemGroup>
    <CustomBuild Include="C:\Users\phn24\Documents\work\cg\second_opengl_example\CMakeLists.txt" />
  </ItemGroup>
  <ItemGroup>
    <Filter Include="Header Files">
      <UniqueIdentifier>{C6BE9AC2-980C-3795-8ED8-7CA21F9E0348}</UniqueIdentifier>
    </Filter>
    <Filter Include="Source Files">
      <UniqueIdentifier>{A7E1B4A7-6138-3096-BB4C-7BA824DD91D7}</UniqueIdentifier>
    </Filter>
  </ItemGroup>
</Project>
