<?xml version="1.0" encoding="utf-8"?>
<Project ToolsVersion="16.0" xmlns="http://schemas.microsoft.com/developer/msbuild/2003">
  <ItemGroup>
    <CustomBuild Include="C:\Users\phn24\Documents\work\cg\second_opengl_example\uild\CMakeFiles\9af948c430056325595e11b6b411aae0\generate.stamp.rule">
      <Filter>CMake Rules</Filter>
    </CustomBuild>
  </ItemGroup>
  <ItemGroup>
    <Filter Include="CMake Rules">
      <UniqueIdentifier>{93D832AB-D681-3FF4-B075-0C4DDF221CA4}</UniqueIdentifier>
    </Filter>
  </ItemGroup>
</Project>
